
Microsoft Visual Studio Solution File, Format Version 12.00
# Visual Studio Version 16
VisualStudioVersion = 16.0.30114.105
MinimumVisualStudioVersion = 10.0.40219.1
Project("{FAE04EC0-301F-11D3-BF4B-00C04F79EFBC}") = "API", "API\API.csproj", "{92522C0D-BD65-4EDA-93E7-D2BBB3CA4953}"
EndProject
Project("{FAE04EC0-301F-11D3-BF4B-00C04F79EFBC}") = "Infrastructure", "Infrastructure\Infrastructure.csproj", "{42E4A8CA-5694-4672-9B72-9BE1D8051D5F}"
EndProject
Project("{FAE04EC0-301F-11D3-BF4B-00C04F79EFBC}") = "Core", "Core\Core.csproj", "{2CF02ED2-1E02-4025-9747-AE3E1BE71431}"
EndProject
Global
	GlobalSection(SolutionConfigurationPlatforms) = preSolution
		Debug|Any CPU = Debug|Any CPU
		Release|Any CPU = Release|Any CPU
	EndGlobalSection
	GlobalSection(SolutionProperties) = preSolution
		HideSolutionNode = FALSE
	EndGlobalSection
	GlobalSection(ProjectConfigurationPlatforms) = postSolution
		{92522C0D-BD65-4EDA-93E7-D2BBB3CA4953}.Debug|Any CPU.ActiveCfg = Debug|Any CPU
		{92522C0D-BD65-4EDA-93E7-D2BBB3CA4953}.Debug|Any CPU.Build.0 = Debug|Any CPU
		{92522C0D-BD65-4EDA-93E7-D2BBB3CA4953}.Release|Any CPU.ActiveCfg = Release|Any CPU
		{92522C0D-BD65-4EDA-93E7-D2BBB3CA4953}.Release|Any CPU.Build.0 = Release|Any CPU
		{42E4A8CA-5694-4672-9B72-9BE1D8051D5F}.Debug|Any CPU.ActiveCfg = Debug|Any CPU
		{42E4A8CA-5694-4672-9B72-9BE1D8051D5F}.Debug|Any CPU.Build.0 = Debug|Any CPU
		{42E4A8CA-5694-4672-9B72-9BE1D8051D5F}.Release|Any CPU.ActiveCfg = Release|Any CPU
		{42E4A8CA-5694-4672-9B72-9BE1D8051D5F}.Release|Any CPU.Build.0 = Release|Any CPU
		{2CF02ED2-1E02-4025-9747-AE3E1BE71431}.Debug|Any CPU.ActiveCfg = Debug|Any CPU
		{2CF02ED2-1E02-4025-9747-AE3E1BE71431}.Debug|Any CPU.Build.0 = Debug|Any CPU
		{2CF02ED2-1E02-4025-9747-AE3E1BE71431}.Release|Any CPU.ActiveCfg = Release|Any CPU
		{2CF02ED2-1E02-4025-9747-AE3E1BE71431}.Release|Any CPU.Build.0 = Release|Any CPU
	EndGlobalSection
EndGlobal
